
Microsoft Visual Studio Solution File, Format Version 12.00
# Visual Studio Version 17
VisualStudioVersion = 17.8.34330.188
MinimumVisualStudioVersion = 10.0.40219.1
Project("{FAE04EC0-301F-11D3-BF4B-00C04F79EFBC}") = "AVLTreeLib", "AVLTreeLib\AVLTreeLib.csproj", "{3E777F8F-8881-46A9-89B3-625770D3A305}"
EndProject
Project("{FAE04EC0-301F-11D3-BF4B-00C04F79EFBC}") = "AVLWPF", "AVLWPF\AVLWPF.csproj", "{60F164E5-B1D2-4192-8E3F-CE0F17C8790B}"
EndProject
Project("{FAE04EC0-301F-11D3-BF4B-00C04F79EFBC}") = "Test", "Test\Test.csproj", "{A6C40079-7E85-4EC0-8131-8636B208686F}"
EndProject
Global
	GlobalSection(SolutionConfigurationPlatforms) = preSolution
		Debug|Any CPU = Debug|Any CPU
		Release|Any CPU = Release|Any CPU
	EndGlobalSection
	GlobalSection(ProjectConfigurationPlatforms) = postSolution
		{3E777F8F-8881-46A9-89B3-625770D3A305}.Debug|Any CPU.ActiveCfg = Debug|Any CPU
		{3E777F8F-8881-46A9-89B3-625770D3A305}.Debug|Any CPU.Build.0 = Debug|Any CPU
		{3E777F8F-8881-46A9-89B3-625770D3A305}.Release|Any CPU.ActiveCfg = Release|Any CPU
		{3E777F8F-8881-46A9-89B3-625770D3A305}.Release|Any CPU.Build.0 = Release|Any CPU
		{60F164E5-B1D2-4192-8E3F-CE0F17C8790B}.Debug|Any CPU.ActiveCfg = Debug|Any CPU
		{60F164E5-B1D2-4192-8E3F-CE0F17C8790B}.Debug|Any CPU.Build.0 = Debug|Any CPU
		{60F164E5-B1D2-4192-8E3F-CE0F17C8790B}.Release|Any CPU.ActiveCfg = Release|Any CPU
		{60F164E5-B1D2-4192-8E3F-CE0F17C8790B}.Release|Any CPU.Build.0 = Release|Any CPU
		{A6C40079-7E85-4EC0-8131-8636B208686F}.Debug|Any CPU.ActiveCfg = Debug|Any CPU
		{A6C40079-7E85-4EC0-8131-8636B208686F}.Debug|Any CPU.Build.0 = Debug|Any CPU
		{A6C40079-7E85-4EC0-8131-8636B208686F}.Release|Any CPU.ActiveCfg = Release|Any CPU
		{A6C40079-7E85-4EC0-8131-8636B208686F}.Release|Any CPU.Build.0 = Release|Any CPU
	EndGlobalSection
	GlobalSection(SolutionProperties) = preSolution
		HideSolutionNode = FALSE
	EndGlobalSection
	GlobalSection(ExtensibilityGlobals) = postSolution
		SolutionGuid = {84FD72B8-2894-4B8D-B44F-ED275BFB3FC9}
	EndGlobalSection
EndGlobal
